// !$*UTF8*$!
{
	archiveVersion = 1;
	classes = {
	};
	objectVersion = 46;
	objects = {

/* Begin PBXBuildFile section */
		83F93D641F6A7F0C00E3BD04 /* AppDelegate.swift in Sources */ = {isa = PBXBuildFile; fileRef = 83F93D631F6A7F0C00E3BD04 /* AppDelegate.swift */; };
		83F93D661F6A7F0C00E3BD04 /* ViewController.swift in Sources */ = {isa = PBXBuildFile; fileRef = 83F93D651F6A7F0C00E3BD04 /* ViewController.swift */; };
		83F93D691F6A7F0C00E3BD04 /* Main.storyboard in Resources */ = {isa = PBXBuildFile; fileRef = 83F93D671F6A7F0C00E3BD04 /* Main.storyboard */; };
		83F93D6B1F6A7F0C00E3BD04 /* Assets.xcassets in Resources */ = {isa = PBXBuildFile; fileRef = 83F93D6A1F6A7F0C00E3BD04 /* Assets.xcassets */; };
		83F93D6E1F6A7F0C00E3BD04 /* LaunchScreen.storyboard in Resources */ = {isa = PBXBuildFile; fileRef = 83F93D6C1F6A7F0C00E3BD04 /* LaunchScreen.storyboard */; };
		83F93D761F6AA0ED00E3BD04 /* DefinitionViewController.swift in Sources */ = {isa = PBXBuildFile; fileRef = 83F93D751F6AA0ED00E3BD04 /* DefinitionViewController.swift */; };
/* End PBXBuildFile section */

/* Begin PBXFileReference section */
		83F93D601F6A7F0C00E3BD04 /* Emoji Dictionary.app */ = {isa = PBXFileReference; explicitFileType = wrapper.application; includeInIndex = 0; path = "Emoji Dictionary.app"; sourceTree = BUILT_PRODUCTS_DIR; };
		83F93D631F6A7F0C00E3BD04 /* AppDelegate.swift */ = {isa = PBXFileReference; lastKnownFileType = sourcecode.swift; path = AppDelegate.swift; sourceTree = "<group>"; };
		83F93D651F6A7F0C00E3BD04 /* ViewController.swift */ = {isa = PBXFileReference; lastKnownFileType = sourcecode.swift; path = ViewController.swift; sourceTree = "<group>"; };
		83F93D681F6A7F0C00E3BD04 /* Base */ = {isa = PBXFileReference; lastKnownFileType = file.storyboard; name = Base; path = Base.lproj/Main.storyboard; sourceTree = "<group>"; };
		83F93D6A1F6A7F0C00E3BD04 /* Assets.xcassets */ = {isa = PBXFileReference; lastKnownFileType = folder.assetcatalog; path = Assets.xcassets; sourceTree = "<group>"; };
		83F93D6D1F6A7F0C00E3BD04 /* Base */ = {isa = PBXFileReference; lastKnownFileType = file.storyboard; name = Base; path = Base.lproj/LaunchScreen.storyboard; sourceTree = "<group>"; };
		83F93D6F1F6A7F0C00E3BD04 /* Info.plist */ = {isa = PBXFileReference; lastKnownFileType = text.plist.xml; path = Info.plist; sourceTree = "<group>"; };
		83F93D751F6AA0ED00E3BD04 /* DefinitionViewController.swift */ = {isa = PBXFileReference; fileEncoding = 4; lastKnownFileType = sourcecode.swift; path = DefinitionViewController.swift; sourceTree = "<group>"; };
/* End PBXFileReference section */

/* Begin PBXFrameworksBuildPhase section */
		83F93D5D1F6A7F0C00E3BD04 /* Frameworks */ = {
			isa = PBXFrameworksBuildPhase;
			buildActionMask = 2147483647;
			files = (
			);
			runOnlyForDeploymentPostprocessing = 0;
		};
/* End PBXFrameworksBuildPhase section */

/* Begin PBXGroup section */
		83F93D571F6A7F0C00E3BD04 = {
			isa = PBXGroup;
			children = (
				83F93D621F6A7F0C00E3BD04 /* Emoji Dictionary */,
				83F93D611F6A7F0C00E3BD04 /* Products */,
			);
			sourceTree = "<group>";
		};
		83F93D611F6A7F0C00E3BD04 /* Products */ = {
			isa = PBXGroup;
			children = (
				83F93D601F6A7F0C00E3BD04 /* Emoji Dictionary.app */,
			);
			name = Products;
			sourceTree = "<group>";
		};
		83F93D621F6A7F0C00E3BD04 /* Emoji Dictionary */ = {
			isa = PBXGroup;
			children = (
				83F93D631F6A7F0C00E3BD04 /* AppDelegate.swift */,
				83F93D651F6A7F0C00E3BD04 /* ViewController.swift */,
				83F93D751F6AA0ED00E3BD04 /* DefinitionViewController.swift */,
				83F93D671F6A7F0C00E3BD04 /* Main.storyboard */,
				83F93D6A1F6A7F0C00E3BD04 /* Assets.xcassets */,
				83F93D6C1F6A7F0C00E3BD04 /* LaunchScreen.storyboard */,
				83F93D6F1F6A7F0C00E3BD04 /* Info.plist */,
			);
			path = "Emoji Dictionary";
			sourceTree = "<group>";
		};
/* End PBXGroup section */

/* Begin PBXNativeTarget section */
		83F93D5F1F6A7F0C00E3BD04 /* Emoji Dictionary */ = {
			isa = PBXNativeTarget;
			buildConfigurationList = 83F93D721F6A7F0C00E3BD04 /* Build configuration list for PBXNativeTarget "Emoji Dictionary" */;
			buildPhases = (
				83F93D5C1F6A7F0C00E3BD04 /* Sources */,
				83F93D5D1F6A7F0C00E3BD04 /* Frameworks */,
				83F93D5E1F6A7F0C00E3BD04 /* Resources */,
			);
			buildRules = (
			);
			dependencies = (
			);
			name = "Emoji Dictionary";
			productName = "Emoji Dictionary";
			productReference = 83F93D601F6A7F0C00E3BD04 /* Emoji Dictionary.app */;
			productType = "com.apple.product-type.application";
		};
/* End PBXNativeTarget section */

/* Begin PBXProject section */
		83F93D581F6A7F0C00E3BD04 /* Project object */ = {
			isa = PBXProject;
			attributes = {
				LastSwiftUpdateCheck = 0830;
				LastUpgradeCheck = 0830;
				ORGANIZATIONNAME = "Christopher Walker";
				TargetAttributes = {
					83F93D5F1F6A7F0C00E3BD04 = {
						CreatedOnToolsVersion = 8.3.3;
						ProvisioningStyle = Automatic;
					};
				};
			};
			buildConfigurationList = 83F93D5B1F6A7F0C00E3BD04 /* Build configuration list for PBXProject "Emoji Dictionary" */;
			compatibilityVersion = "Xcode 3.2";
			developmentRegion = English;
			hasScannedForEncodings = 0;
			knownRegions = (
				en,
				Base,
			);
			mainGroup = 83F93D571F6A7F0C00E3BD04;
			productRefGroup = 83F93D611F6A7F0C00E3BD04 /* Products */;
			projectDirPath = "";
			projectRoot = "";
			targets = (
				83F93D5F1F6A7F0C00E3BD04 /* Emoji Dictionary */,
			);
		};
/* End PBXProject section */

/* Begin PBXResourcesBuildPhase section */
		83F93D5E1F6A7F0C00E3BD04 /* Resources */ = {
			isa = PBXResourcesBuildPhase;
			buildActionMask = 2147483647;
			files = (
				83F93D6E1F6A7F0C00E3BD04 /* LaunchScreen.storyboard in Resources */,
				83F93D6B1F6A7F0C00E3BD04 /* Assets.xcassets in Resources */,
				83F93D691F6A7F0C00E3BD04 /* Main.storyboard in Resources */,
			);
			runOnlyForDeploymentPostprocessing = 0;
		};
/* End PBXResourcesBuildPhase section */

/* Begin PBXSourcesBuildPhase section */
		83F93D5C1F6A7F0C00E3BD04 /* Sources */ = {
			isa = PBXSourcesBuildPhase;
			buildActionMask = 2147483647;
			files = (
				83F93D661F6A7F0C00E3BD04 /* ViewController.swift in Sources */,
				83F93D761F6AA0ED00E3BD04 /* DefinitionViewController.swift in Sources */,
				83F93D641F6A7F0C00E3BD04 /* AppDelegate.swift in Sources */,
			);
			runOnlyForDeploymentPostprocessing = 0;
		};
/* End PBXSourcesBuildPhase section */

/* Begin PBXVariantGroup section */
		83F93D671F6A7F0C00E3BD04 /* Main.storyboard */ = {
			isa = PBXVariantGroup;
			children = (
				83F93D681F6A7F0C00E3BD04 /* Base */,
			);
			name = Main.storyboard;
			sourceTree = "<group>";
		};
		83F93D6C1F6A7F0C00E3BD04 /* LaunchScreen.storyboard */ = {
			isa = PBXVariantGroup;
			children = (
				83F93D6D1F6A7F0C00E3BD04 /* Base */,
			);
			name = LaunchScreen.storyboard;
			sourceTree = "<group>";
		};
/* End PBXVariantGroup section */

/* Begin XCBuildConfiguration section */
		83F93D701F6A7F0C00E3BD04 /* Debug */ = {
			isa = XCBuildConfiguration;
			buildSettings = {
				ALWAYS_SEARCH_USER_PATHS = NO;
				CLANG_ANALYZER_NONNULL = YES;
				CLANG_ANALYZER_NUMBER_OBJECT_CONVERSION = YES_AGGRESSIVE;
				CLANG_CXX_LANGUAGE_STANDARD = "gnu++0x";
				CLANG_CXX_LIBRARY = "libc++";
				CLANG_ENABLE_MODULES = YES;
				CLANG_ENABLE_OBJC_ARC = YES;
				CLANG_WARN_BOOL_CONVERSION = YES;
				CLANG_WARN_CONSTANT_CONVERSION = YES;
				CLANG_WARN_DIRECT_OBJC_ISA_USAGE = YES_ERROR;
				CLANG_WARN_DOCUMENTATION_COMMENTS = YES;
				CLANG_WARN_EMPTY_BODY = YES;
				CLANG_WARN_ENUM_CONVERSION = YES;
				CLANG_WARN_INFINITE_RECURSION = YES;
				CLANG_WARN_INT_CONVERSION = YES;
				CLANG_WARN_OBJC_ROOT_CLASS = YES_ERROR;
				CLANG_WARN_SUSPICIOUS_MOVE = YES;
				CLANG_WARN_UNREACHABLE_CODE = YES;
				CLANG_WARN__DUPLICATE_METHOD_MATCH = YES;
				"CODE_SIGN_IDENTITY[sdk=iphoneos*]" = "iPhone Developer";
				COPY_PHASE_STRIP = NO;
				DEBUG_INFORMATION_FORMAT = dwarf;
				ENABLE_STRICT_OBJC_MSGSEND = YES;
				ENABLE_TESTABILITY = YES;
				GCC_C_LANGUAGE_STANDARD = gnu99;
				GCC_DYNAMIC_NO_PIC = NO;
				GCC_NO_COMMON_BLOCKS = YES;
				GCC_OPTIMIZATION_LEVEL = 0;
				GCC_PREPROCESSOR_DEFINITIONS = (
					"DEBUG=1",
					"$(inherited)",
				);
				GCC_WARN_64_TO_32_BIT_CONVERSION = YES;
				GCC_WARN_ABOUT_RETURN_TYPE = YES_ERROR;
				GCC_WARN_UNDECLARED_SELECTOR = YES;
				GCC_WARN_UNINITIALIZED_AUTOS = YES_AGGRESSIVE;
				GCC_WARN_UNUSED_FUNCTION = YES;
				GCC_WARN_UNUSED_VARIABLE = YES;
				IPHONEOS_DEPLOYMENT_TARGET = 10.3;
				MTL_ENABLE_DEBUG_INFO = YES;
				ONLY_ACTIVE_ARCH = YES;
				SDKROOT = iphoneos;
				SWIFT_ACTIVE_COMPILATION_CONDITIONS = DEBUG;
				SWIFT_OPTIMIZATION_LEVEL = "-Onone";
				TARGETED_DEVICE_FAMILY = "1,2";
			};
			name = Debug;
		};
		83F93D711F6A7F0C00E3BD04 /* Release */ = {
			isa = XCBuildConfiguration;
			buildSettings = {
				ALWAYS_SEARCH_USER_PATHS = NO;
				CLANG_ANALYZER_NONNULL = YES;
				CLANG_ANALYZER_NUMBER_OBJECT_CONVERSION = YES_AGGRESSIVE;
				CLANG_CXX_LANGUAGE_STANDARD = "gnu++0x";
				CLANG_CXX_LIBRARY = "libc++";
				CLANG_ENABLE_MODULES = YES;
				CLANG_ENABLE_OBJC_ARC = YES;
				CLANG_WARN_BOOL_CONVERSION = YES;
				CLANG_WARN_CONSTANT_CONVERSION = YES;
				CLANG_WARN_DIRECT_OBJC_ISA_USAGE = YES_ERROR;
				CLANG_WARN_DOCUMENTATION_COMMENTS = YES;
				CLANG_WARN_EMPTY_BODY = YES;
				CLANG_WARN_ENUM_CONVERSION = YES;
				CLANG_WARN_INFINITE_RECURSION = YES;
				CLANG_WARN_INT_CONVERSION = YES;
				CLANG_WARN_OBJC_ROOT_CLASS = YES_ERROR;
				CLANG_WARN_SUSPICIOUS_MOVE = YES;
				CLANG_WARN_UNREACHABLE_CODE = YES;
				CLANG_WARN__DUPLICATE_METHOD_MATCH = YES;
				"CODE_SIGN_IDENTITY[sdk=iphoneos*]" = "iPhone Developer";
				COPY_PHASE_STRIP = NO;
				DEBUG_INFORMATION_FORMAT = "dwarf-with-dsym";
				ENABLE_NS_ASSERTIONS = NO;
				ENABLE_STRICT_OBJC_MSGSEND = YES;
				GCC_C_LANGUAGE_STANDARD = gnu99;
				GCC_NO_COMMON_BLOCKS = YES;
				GCC_WARN_64_TO_32_BIT_CONVERSION = YES;
				GCC_WARN_ABOUT_RETURN_TYPE = YES_ERROR;
				GCC_WARN_UNDECLARED_SELECTOR = YES;
				GCC_WARN_UNINITIALIZED_AUTOS = YES_AGGRESSIVE;
				GCC_WARN_UNUSED_FUNCTION = YES;
				GCC_WARN_UNUSED_VARIABLE = YES;
				IPHONEOS_DEPLOYMENT_TARGET = 10.3;
				MTL_ENABLE_DEBUG_INFO = NO;
				SDKROOT = iphoneos;
				SWIFT_OPTIMIZATION_LEVEL = "-Owholemodule";
				TARGETED_DEVICE_FAMILY = "1,2";
				VALIDATE_PRODUCT = YES;
			};
			name = Release;
		};
		83F93D731F6A7F0C00E3BD04 /* Debug */ = {
			isa = XCBuildConfiguration;
			buildSettings = {
				ASSETCATALOG_COMPILER_APPICON_NAME = AppIcon;
				INFOPLIST_FILE = "Emoji Dictionary/Info.plist";
				LD_RUNPATH_SEARCH_PATHS = "$(inherited) @executable_path/Frameworks";
				PRODUCT_BUNDLE_IDENTIFIER = "chriswalker.Emoji-Dictionary";
				PRODUCT_NAME = "$(TARGET_NAME)";
				SWIFT_VERSION = 3.0;
			};
			name = Debug;
		};
		83F93D741F6A7F0C00E3BD04 /* Release */ = {
			isa = XCBuildConfiguration;
			buildSettings = {
				ASSETCATALOG_COMPILER_APPICON_NAME = AppIcon;
				INFOPLIST_FILE = "Emoji Dictionary/Info.plist";
				LD_RUNPATH_SEARCH_PATHS = "$(inherited) @executable_path/Frameworks";
				PRODUCT_BUNDLE_IDENTIFIER = "chriswalker.Emoji-Dictionary";
				PRODUCT_NAME = "$(TARGET_NAME)";
				SWIFT_VERSION = 3.0;
			};
			name = Release;
		};
/* End XCBuildConfiguration section */

/* Begin XCConfigurationList section */
		83F93D5B1F6A7F0C00E3BD04 /* Build configuration list for PBXProject "Emoji Dictionary" */ = {
			isa = XCConfigurationList;
			buildConfigurations = (
				83F93D701F6A7F0C00E3BD04 /* Debug */,
				83F93D711F6A7F0C00E3BD04 /* Release */,
			);
			defaultConfigurationIsVisible = 0;
			defaultConfigurationName = Release;
		};
		83F93D721F6A7F0C00E3BD04 /* Build configuration list for PBXNativeTarget "Emoji Dictionary" */ = {
			isa = XCConfigurationList;
			buildConfigurations = (
				83F93D731F6A7F0C00E3BD04 /* Debug */,
				83F93D741F6A7F0C00E3BD04 /* Release */,
			);
			defaultConfigurationIsVisible = 0;
			defaultConfigurationName = Release;
		};
/* End XCConfigurationList section */
	};
	rootObject = 83F93D581F6A7F0C00E3BD04 /* Project object */;
}
